
Microsoft Visual Studio Solution File, Format Version 12.00
# Visual Studio Version 16
VisualStudioVersion = 16.0.30621.155
MinimumVisualStudioVersion = 10.0.40219.1
Project("{FAE04EC0-301F-11D3-BF4B-00C04F79EFBC}") = "PrimeNo", "PrimeNo\PrimeNo.csproj", "{A796BA8E-980A-4A88-A786-3A8209E3B1FC}"
EndProject
Global
	GlobalSection(SolutionConfigurationPlatforms) = preSolution
		Debug|Any CPU = Debug|Any CPU
		Release|Any CPU = Release|Any CPU
	EndGlobalSection
	GlobalSection(ProjectConfigurationPlatforms) = postSolution
		{A796BA8E-980A-4A88-A786-3A8209E3B1FC}.Debug|Any CPU.ActiveCfg = Debug|Any CPU
		{A796BA8E-980A-4A88-A786-3A8209E3B1FC}.Debug|Any CPU.Build.0 = Debug|Any CPU
		{A796BA8E-980A-4A88-A786-3A8209E3B1FC}.Release|Any CPU.ActiveCfg = Release|Any CPU
		{A796BA8E-980A-4A88-A786-3A8209E3B1FC}.Release|Any CPU.Build.0 = Release|Any CPU
	EndGlobalSection
	GlobalSection(SolutionProperties) = preSolution
		HideSolutionNode = FALSE
	EndGlobalSection
	GlobalSection(ExtensibilityGlobals) = postSolution
		SolutionGuid = {971193C0-D06E-4C8C-A432-50B2676B7285}
	EndGlobalSection
EndGlobal
